// !$*UTF8*$!
{
	archiveVersion = 1;
	classes = {
	};
	objectVersion = 46;
	objects = {

/* Begin PBXBuildFile section */
		AA2376B315F9FFF50015ECC8 /* Security.framework in Frameworks */ = {isa = PBXBuildFile; fileRef = AA2376B215F9FFF50015ECC8 /* Security.framework */; };
		AA3D876B15C2B16F00442343 /* MagicKeys.png in Resources */ = {isa = PBXBuildFile; fileRef = AA3D876A15C2B16F00442343 /* MagicKeys.png */; };
		AA965CED15C112FE00429016 /* Cocoa.framework in Frameworks */ = {isa = PBXBuildFile; fileRef = AA965CEC15C112FE00429016 /* Cocoa.framework */; };
		AA965CEF15C112FE00429016 /* PreferencePanes.framework in Frameworks */ = {isa = PBXBuildFile; fileRef = AA965CEE15C112FE00429016 /* PreferencePanes.framework */; };
		AA965CF915C112FE00429016 /* InfoPlist.strings in Resources */ = {isa = PBXBuildFile; fileRef = AA965CF715C112FE00429016 /* InfoPlist.strings */; };
		AA965CFD15C112FE00429016 /* MagicKeys.m in Sources */ = {isa = PBXBuildFile; fileRef = AA965CFC15C112FE00429016 /* MagicKeys.m */; };
		AA965D0215C112FE00429016 /* MagicKeys.xib in Resources */ = {isa = PBXBuildFile; fileRef = AA965D0015C112FE00429016 /* MagicKeys.xib */; };
		AA9793F315C3FEDD00107AB0 /* Cocoa.framework in Frameworks */ = {isa = PBXBuildFile; fileRef = AA965CEC15C112FE00429016 /* Cocoa.framework */; };
		AA9793F915C3FEDD00107AB0 /* InfoPlist.strings in Resources */ = {isa = PBXBuildFile; fileRef = AA9793F715C3FEDD00107AB0 /* InfoPlist.strings */; };
		AA97940B15C3FF6B00107AB0 /* MagicKeys-Agent.app in CopyFiles */ = {isa = PBXBuildFile; fileRef = AA9793F115C3FEDD00107AB0 /* MagicKeys-Agent.app */; };
		AA97940C15C3FFB800107AB0 /* main.m in Sources */ = {isa = PBXBuildFile; fileRef = AA9793E615C3C57C00107AB0 /* main.m */; };
		AA97940D15C3FFBC00107AB0 /* NSObject+SPInvocationGrabbing.m in Sources */ = {isa = PBXBuildFile; fileRef = AA9793E115C3C54700107AB0 /* NSObject+SPInvocationGrabbing.m */; };
		AA97940E15C3FFBF00107AB0 /* SPMediaKeyTap.m in Sources */ = {isa = PBXBuildFile; fileRef = AA9793E315C3C54700107AB0 /* SPMediaKeyTap.m */; };
		AA97940F15C3FFCD00107AB0 /* Carbon.framework in Frameworks */ = {isa = PBXBuildFile; fileRef = AA9793E815C3C5C000107AB0 /* Carbon.framework */; };
		AAB1CCFF166C275800BF3D7B /* Launcher.m in Sources */ = {isa = PBXBuildFile; fileRef = AAB1CCFE166C275800BF3D7B /* Launcher.m */; };
		AAE3782019575585009D9B7F /* DDHidAppleMikey.m in Sources */ = {isa = PBXBuildFile; fileRef = AAE3781D19575585009D9B7F /* DDHidAppleMikey.m */; };
		AAE3782119575585009D9B7F /* DDHidDevice.m in Sources */ = {isa = PBXBuildFile; fileRef = AAE3781F19575585009D9B7F /* DDHidDevice.m */; };
		AAE37824195755CA009D9B7F /* DDHidUsage.m in Sources */ = {isa = PBXBuildFile; fileRef = AAE37823195755CA009D9B7F /* DDHidUsage.m */; };
		AAE3782B195755E2009D9B7F /* DDHidEvent.m in Sources */ = {isa = PBXBuildFile; fileRef = AAE37826195755E2009D9B7F /* DDHidEvent.m */; };
		AAE3782C195755E2009D9B7F /* DDHidUsageTables.m in Sources */ = {isa = PBXBuildFile; fileRef = AAE37828195755E2009D9B7F /* DDHidUsageTables.m */; };
		AAE3782D195755E2009D9B7F /* NSDictionary+DDHidExtras.m in Sources */ = {isa = PBXBuildFile; fileRef = AAE3782A195755E2009D9B7F /* NSDictionary+DDHidExtras.m */; };
		AAE37830195755F1009D9B7F /* DDHidElement.m in Sources */ = {isa = PBXBuildFile; fileRef = AAE3782F195755F1009D9B7F /* DDHidElement.m */; };
		AAE3783719575605009D9B7F /* DDHidQueue.m in Sources */ = {isa = PBXBuildFile; fileRef = AAE3783219575605009D9B7F /* DDHidQueue.m */; };
		AAE3783819575605009D9B7F /* DDHidKeyboard.m in Sources */ = {isa = PBXBuildFile; fileRef = AAE3783419575605009D9B7F /* DDHidKeyboard.m */; };
		AAE3783919575605009D9B7F /* DDHidAppleRemote.m in Sources */ = {isa = PBXBuildFile; fileRef = AAE3783619575605009D9B7F /* DDHidAppleRemote.m */; };
		AAE3783C1957562C009D9B7F /* NSXReturnThrowError.m in Sources */ = {isa = PBXBuildFile; fileRef = AAE3783B1957562C009D9B7F /* NSXReturnThrowError.m */; };
		AAFF8D6015F8A0650084A11B /* HIDRemote.m in Sources */ = {isa = PBXBuildFile; fileRef = AAFF8D5E15F8A0650084A11B /* HIDRemote.m */; };
		AAFF8D6215F8A54C0084A11B /* IOKit.framework in Frameworks */ = {isa = PBXBuildFile; fileRef = AAFF8D6115F8A54C0084A11B /* IOKit.framework */; };
		AAFF8D9615F8FC0E0084A11B /* Credits.rtf in Resources */ = {isa = PBXBuildFile; fileRef = AAFF8D9515F8FC0E0084A11B /* Credits.rtf */; };
/* End PBXBuildFile section */

/* Begin PBXContainerItemProxy section */
		AA97940915C3FF5B00107AB0 /* PBXContainerItemProxy */ = {
			isa = PBXContainerItemProxy;
			containerPortal = AA965CDE15C112FE00429016 /* Project object */;
			proxyType = 1;
			remoteGlobalIDString = AA9793F015C3FEDD00107AB0;
			remoteInfo = "MagicKeys-Agent";
		};
/* End PBXContainerItemProxy section */

/* Begin PBXCopyFilesBuildPhase section */
		AA9793DF15C3C4F800107AB0 /* CopyFiles */ = {
			isa = PBXCopyFilesBuildPhase;
			buildActionMask = 2147483647;
			dstPath = ../Library/LoginItems;
			dstSubfolderSpec = 7;
			files = (
				AA97940B15C3FF6B00107AB0 /* MagicKeys-Agent.app in CopyFiles */,
			);
			runOnlyForDeploymentPostprocessing = 0;
		};
/* End PBXCopyFilesBuildPhase section */

/* Begin PBXFileReference section */
		AA2376B215F9FFF50015ECC8 /* Security.framework */ = {isa = PBXFileReference; lastKnownFileType = wrapper.framework; name = Security.framework; path = System/Library/Frameworks/Security.framework; sourceTree = SDKROOT; };
		AA3D876A15C2B16F00442343 /* MagicKeys.png */ = {isa = PBXFileReference; lastKnownFileType = image.png; path = MagicKeys.png; sourceTree = "<group>"; };
		AA965CE915C112FE00429016 /* MagicKeys.prefPane */ = {isa = PBXFileReference; explicitFileType = wrapper.cfbundle; includeInIndex = 0; path = MagicKeys.prefPane; sourceTree = BUILT_PRODUCTS_DIR; };
		AA965CEC15C112FE00429016 /* Cocoa.framework */ = {isa = PBXFileReference; lastKnownFileType = wrapper.framework; name = Cocoa.framework; path = System/Library/Frameworks/Cocoa.framework; sourceTree = SDKROOT; };
		AA965CEE15C112FE00429016 /* PreferencePanes.framework */ = {isa = PBXFileReference; lastKnownFileType = wrapper.framework; name = PreferencePanes.framework; path = System/Library/Frameworks/PreferencePanes.framework; sourceTree = SDKROOT; };
		AA965CF115C112FE00429016 /* AppKit.framework */ = {isa = PBXFileReference; lastKnownFileType = wrapper.framework; name = AppKit.framework; path = System/Library/Frameworks/AppKit.framework; sourceTree = SDKROOT; };
		AA965CF215C112FE00429016 /* CoreData.framework */ = {isa = PBXFileReference; lastKnownFileType = wrapper.framework; name = CoreData.framework; path = System/Library/Frameworks/CoreData.framework; sourceTree = SDKROOT; };
		AA965CF315C112FE00429016 /* Foundation.framework */ = {isa = PBXFileReference; lastKnownFileType = wrapper.framework; name = Foundation.framework; path = System/Library/Frameworks/Foundation.framework; sourceTree = SDKROOT; };
		AA965CF615C112FE00429016 /* MagicKeys-Info.plist */ = {isa = PBXFileReference; lastKnownFileType = text.plist.xml; path = "MagicKeys-Info.plist"; sourceTree = "<group>"; };
		AA965CF815C112FE00429016 /* en */ = {isa = PBXFileReference; lastKnownFileType = text.plist.strings; name = en; path = en.lproj/InfoPlist.strings; sourceTree = "<group>"; };
		AA965CFA15C112FE00429016 /* MagicKeys-Prefix.pch */ = {isa = PBXFileReference; lastKnownFileType = sourcecode.c.h; path = "MagicKeys-Prefix.pch"; sourceTree = "<group>"; };
		AA965CFB15C112FE00429016 /* MagicKeys.h */ = {isa = PBXFileReference; lastKnownFileType = sourcecode.c.h; path = MagicKeys.h; sourceTree = "<group>"; };
		AA965CFC15C112FE00429016 /* MagicKeys.m */ = {isa = PBXFileReference; lastKnownFileType = sourcecode.c.objc; path = MagicKeys.m; sourceTree = "<group>"; };
		AA965D0115C112FE00429016 /* en */ = {isa = PBXFileReference; lastKnownFileType = file.xib; name = en; path = en.lproj/MagicKeys.xib; sourceTree = "<group>"; };
		AA9793CC15C3C4D400107AB0 /* Foundation.framework */ = {isa = PBXFileReference; lastKnownFileType = wrapper.framework; name = Foundation.framework; path = System/Library/Frameworks/Foundation.framework; sourceTree = SDKROOT; };
		AA9793D215C3C4D400107AB0 /* MagicKeys-Agent-Prefix.pch */ = {isa = PBXFileReference; lastKnownFileType = sourcecode.c.h; path = "MagicKeys-Agent-Prefix.pch"; sourceTree = "<group>"; };
		AA9793E015C3C54700107AB0 /* NSObject+SPInvocationGrabbing.h */ = {isa = PBXFileReference; fileEncoding = 4; lastKnownFileType = sourcecode.c.h; path = "NSObject+SPInvocationGrabbing.h"; sourceTree = "<group>"; };
		AA9793E115C3C54700107AB0 /* NSObject+SPInvocationGrabbing.m */ = {isa = PBXFileReference; fileEncoding = 4; lastKnownFileType = sourcecode.c.objc; path = "NSObject+SPInvocationGrabbing.m"; sourceTree = "<group>"; };
		AA9793E215C3C54700107AB0 /* SPMediaKeyTap.h */ = {isa = PBXFileReference; fileEncoding = 4; lastKnownFileType = sourcecode.c.h; path = SPMediaKeyTap.h; sourceTree = "<group>"; };
		AA9793E315C3C54700107AB0 /* SPMediaKeyTap.m */ = {isa = PBXFileReference; fileEncoding = 4; lastKnownFileType = sourcecode.c.objc; path = SPMediaKeyTap.m; sourceTree = "<group>"; };
		AA9793E615C3C57C00107AB0 /* main.m */ = {isa = PBXFileReference; fileEncoding = 4; lastKnownFileType = sourcecode.c.objc; path = main.m; sourceTree = "<group>"; };
		AA9793E815C3C5C000107AB0 /* Carbon.framework */ = {isa = PBXFileReference; lastKnownFileType = wrapper.framework; name = Carbon.framework; path = Platforms/MacOSX.platform/Developer/SDKs/MacOSX10.8.sdk/System/Library/Frameworks/Carbon.framework; sourceTree = DEVELOPER_DIR; };
		AA9793F115C3FEDD00107AB0 /* MagicKeys-Agent.app */ = {isa = PBXFileReference; explicitFileType = wrapper.application; includeInIndex = 0; path = "MagicKeys-Agent.app"; sourceTree = BUILT_PRODUCTS_DIR; };
		AA9793F615C3FEDD00107AB0 /* MagicKeys-Agent-Info.plist */ = {isa = PBXFileReference; lastKnownFileType = text.plist.xml; path = "MagicKeys-Agent-Info.plist"; sourceTree = "<group>"; };
		AA9793F815C3FEDD00107AB0 /* en */ = {isa = PBXFileReference; lastKnownFileType = text.plist.strings; name = en; path = en.lproj/InfoPlist.strings; sourceTree = "<group>"; };
		AAB1CCFD166C275800BF3D7B /* Launcher.h */ = {isa = PBXFileReference; fileEncoding = 4; lastKnownFileType = sourcecode.c.h; path = Launcher.h; sourceTree = "<group>"; };
		AAB1CCFE166C275800BF3D7B /* Launcher.m */ = {isa = PBXFileReference; fileEncoding = 4; lastKnownFileType = sourcecode.c.objc; path = Launcher.m; sourceTree = "<group>"; };
		AAE3781C19575585009D9B7F /* DDHidAppleMikey.h */ = {isa = PBXFileReference; fileEncoding = 4; lastKnownFileType = sourcecode.c.h; path = DDHidAppleMikey.h; sourceTree = "<group>"; };
		AAE3781D19575585009D9B7F /* DDHidAppleMikey.m */ = {isa = PBXFileReference; fileEncoding = 4; lastKnownFileType = sourcecode.c.objc; path = DDHidAppleMikey.m; sourceTree = "<group>"; };
		AAE3781E19575585009D9B7F /* DDHidDevice.h */ = {isa = PBXFileReference; fileEncoding = 4; lastKnownFileType = sourcecode.c.h; path = DDHidDevice.h; sourceTree = "<group>"; };
		AAE3781F19575585009D9B7F /* DDHidDevice.m */ = {isa = PBXFileReference; fileEncoding = 4; lastKnownFileType = sourcecode.c.objc; path = DDHidDevice.m; sourceTree = "<group>"; };
		AAE37822195755CA009D9B7F /* DDHidUsage.h */ = {isa = PBXFileReference; fileEncoding = 4; lastKnownFileType = sourcecode.c.h; path = DDHidUsage.h; sourceTree = "<group>"; };
		AAE37823195755CA009D9B7F /* DDHidUsage.m */ = {isa = PBXFileReference; fileEncoding = 4; lastKnownFileType = sourcecode.c.objc; path = DDHidUsage.m; sourceTree = "<group>"; };
		AAE37825195755E2009D9B7F /* DDHidEvent.h */ = {isa = PBXFileReference; fileEncoding = 4; lastKnownFileType = sourcecode.c.h; path = DDHidEvent.h; sourceTree = "<group>"; };
		AAE37826195755E2009D9B7F /* DDHidEvent.m */ = {isa = PBXFileReference; fileEncoding = 4; lastKnownFileType = sourcecode.c.objc; path = DDHidEvent.m; sourceTree = "<group>"; };
		AAE37827195755E2009D9B7F /* DDHidUsageTables.h */ = {isa = PBXFileReference; fileEncoding = 4; lastKnownFileType = sourcecode.c.h; path = DDHidUsageTables.h; sourceTree = "<group>"; };
		AAE37828195755E2009D9B7F /* DDHidUsageTables.m */ = {isa = PBXFileReference; fileEncoding = 4; lastKnownFileType = sourcecode.c.objc; path = DDHidUsageTables.m; sourceTree = "<group>"; };
		AAE37829195755E2009D9B7F /* NSDictionary+DDHidExtras.h */ = {isa = PBXFileReference; fileEncoding = 4; lastKnownFileType = sourcecode.c.h; path = "NSDictionary+DDHidExtras.h"; sourceTree = "<group>"; };
		AAE3782A195755E2009D9B7F /* NSDictionary+DDHidExtras.m */ = {isa = PBXFileReference; fileEncoding = 4; lastKnownFileType = sourcecode.c.objc; path = "NSDictionary+DDHidExtras.m"; sourceTree = "<group>"; };
		AAE3782E195755F1009D9B7F /* DDHidElement.h */ = {isa = PBXFileReference; fileEncoding = 4; lastKnownFileType = sourcecode.c.h; path = DDHidElement.h; sourceTree = "<group>"; };
		AAE3782F195755F1009D9B7F /* DDHidElement.m */ = {isa = PBXFileReference; fileEncoding = 4; lastKnownFileType = sourcecode.c.objc; path = DDHidElement.m; sourceTree = "<group>"; };
		AAE3783119575605009D9B7F /* DDHidQueue.h */ = {isa = PBXFileReference; fileEncoding = 4; lastKnownFileType = sourcecode.c.h; path = DDHidQueue.h; sourceTree = "<group>"; };
		AAE3783219575605009D9B7F /* DDHidQueue.m */ = {isa = PBXFileReference; fileEncoding = 4; lastKnownFileType = sourcecode.c.objc; path = DDHidQueue.m; sourceTree = "<group>"; };
		AAE3783319575605009D9B7F /* DDHidKeyboard.h */ = {isa = PBXFileReference; fileEncoding = 4; lastKnownFileType = sourcecode.c.h; path = DDHidKeyboard.h; sourceTree = "<group>"; };
		AAE3783419575605009D9B7F /* DDHidKeyboard.m */ = {isa = PBXFileReference; fileEncoding = 4; lastKnownFileType = sourcecode.c.objc; path = DDHidKeyboard.m; sourceTree = "<group>"; };
		AAE3783519575605009D9B7F /* DDHidAppleRemote.h */ = {isa = PBXFileReference; fileEncoding = 4; lastKnownFileType = sourcecode.c.h; path = DDHidAppleRemote.h; sourceTree = "<group>"; };
		AAE3783619575605009D9B7F /* DDHidAppleRemote.m */ = {isa = PBXFileReference; fileEncoding = 4; lastKnownFileType = sourcecode.c.objc; path = DDHidAppleRemote.m; sourceTree = "<group>"; };
		AAE3783A1957562C009D9B7F /* NSXReturnThrowError.h */ = {isa = PBXFileReference; fileEncoding = 4; lastKnownFileType = sourcecode.c.h; path = NSXReturnThrowError.h; sourceTree = "<group>"; };
		AAE3783B1957562C009D9B7F /* NSXReturnThrowError.m */ = {isa = PBXFileReference; fileEncoding = 4; lastKnownFileType = sourcecode.c.objc; path = NSXReturnThrowError.m; sourceTree = "<group>"; };
		AAFF8D5E15F8A0650084A11B /* HIDRemote.m */ = {isa = PBXFileReference; fileEncoding = 4; lastKnownFileType = sourcecode.c.objc; path = HIDRemote.m; sourceTree = "<group>"; };
		AAFF8D5F15F8A0650084A11B /* HIDRemote.h */ = {isa = PBXFileReference; fileEncoding = 4; lastKnownFileType = sourcecode.c.h; path = HIDRemote.h; sourceTree = "<group>"; };
		AAFF8D6115F8A54C0084A11B /* IOKit.framework */ = {isa = PBXFileReference; lastKnownFileType = wrapper.framework; name = IOKit.framework; path = System/Library/Frameworks/IOKit.framework; sourceTree = SDKROOT; };
		AAFF8D9515F8FC0E0084A11B /* Credits.rtf */ = {isa = PBXFileReference; fileEncoding = 4; lastKnownFileType = text.rtf; path = Credits.rtf; sourceTree = "<group>"; };
/* End PBXFileReference section */

/* Begin PBXFrameworksBuildPhase section */
		AA965CE415C112FE00429016 /* Frameworks */ = {
			isa = PBXFrameworksBuildPhase;
			buildActionMask = 2147483647;
			files = (
				AA965CED15C112FE00429016 /* Cocoa.framework in Frameworks */,
				AA965CEF15C112FE00429016 /* PreferencePanes.framework in Frameworks */,
			);
			runOnlyForDeploymentPostprocessing = 0;
		};
		AA9793EE15C3FEDD00107AB0 /* Frameworks */ = {
			isa = PBXFrameworksBuildPhase;
			buildActionMask = 2147483647;
			files = (
				AA2376B315F9FFF50015ECC8 /* Security.framework in Frameworks */,
				AAFF8D6215F8A54C0084A11B /* IOKit.framework in Frameworks */,
				AA9793F315C3FEDD00107AB0 /* Cocoa.framework in Frameworks */,
				AA97940F15C3FFCD00107AB0 /* Carbon.framework in Frameworks */,
			);
			runOnlyForDeploymentPostprocessing = 0;
		};
/* End PBXFrameworksBuildPhase section */

/* Begin PBXGroup section */
		AA965CDC15C112FE00429016 = {
			isa = PBXGroup;
			children = (
				AA965CF415C112FE00429016 /* MagicKeys */,
				AA9793CE15C3C4D400107AB0 /* MagicKeys-Agent */,
				AA965CEB15C112FE00429016 /* Frameworks */,
				AA965CEA15C112FE00429016 /* Products */,
			);
			sourceTree = "<group>";
		};
		AA965CEA15C112FE00429016 /* Products */ = {
			isa = PBXGroup;
			children = (
				AA965CE915C112FE00429016 /* MagicKeys.prefPane */,
				AA9793F115C3FEDD00107AB0 /* MagicKeys-Agent.app */,
			);
			name = Products;
			sourceTree = "<group>";
		};
		AA965CEB15C112FE00429016 /* Frameworks */ = {
			isa = PBXGroup;
			children = (
				AA2376B215F9FFF50015ECC8 /* Security.framework */,
				AAFF8D6115F8A54C0084A11B /* IOKit.framework */,
				AA9793E815C3C5C000107AB0 /* Carbon.framework */,
				AA965CEC15C112FE00429016 /* Cocoa.framework */,
				AA965CEE15C112FE00429016 /* PreferencePanes.framework */,
				AA9793CC15C3C4D400107AB0 /* Foundation.framework */,
				AA965CF015C112FE00429016 /* Other Frameworks */,
			);
			name = Frameworks;
			sourceTree = "<group>";
		};
		AA965CF015C112FE00429016 /* Other Frameworks */ = {
			isa = PBXGroup;
			children = (
				AA965CF115C112FE00429016 /* AppKit.framework */,
				AA965CF215C112FE00429016 /* CoreData.framework */,
				AA965CF315C112FE00429016 /* Foundation.framework */,
			);
			name = "Other Frameworks";
			sourceTree = "<group>";
		};
		AA965CF415C112FE00429016 /* MagicKeys */ = {
			isa = PBXGroup;
			children = (
				AAFF8D9515F8FC0E0084A11B /* Credits.rtf */,
				AA965CFB15C112FE00429016 /* MagicKeys.h */,
				AA965CFC15C112FE00429016 /* MagicKeys.m */,
				AA3D876A15C2B16F00442343 /* MagicKeys.png */,
				AA965D0015C112FE00429016 /* MagicKeys.xib */,
				AA965CF515C112FE00429016 /* Supporting Files */,
			);
			path = MagicKeys;
			sourceTree = "<group>";
		};
		AA965CF515C112FE00429016 /* Supporting Files */ = {
			isa = PBXGroup;
			children = (
				AA965CF615C112FE00429016 /* MagicKeys-Info.plist */,
				AA965CF715C112FE00429016 /* InfoPlist.strings */,
				AA965CFA15C112FE00429016 /* MagicKeys-Prefix.pch */,
			);
			name = "Supporting Files";
			sourceTree = "<group>";
		};
		AA9793CE15C3C4D400107AB0 /* MagicKeys-Agent */ = {
			isa = PBXGroup;
			children = (
				AAE3781B19575536009D9B7F /* DDHidLib */,
				AAFF8D5E15F8A0650084A11B /* HIDRemote.m */,
				AAFF8D5F15F8A0650084A11B /* HIDRemote.h */,
				AA9793E615C3C57C00107AB0 /* main.m */,
				AA9793E015C3C54700107AB0 /* NSObject+SPInvocationGrabbing.h */,
				AA9793E115C3C54700107AB0 /* NSObject+SPInvocationGrabbing.m */,
				AA9793E215C3C54700107AB0 /* SPMediaKeyTap.h */,
				AA9793E315C3C54700107AB0 /* SPMediaKeyTap.m */,
				AAB1CCFD166C275800BF3D7B /* Launcher.h */,
				AAB1CCFE166C275800BF3D7B /* Launcher.m */,
				AA9793D115C3C4D400107AB0 /* Supporting Files */,
			);
			path = "MagicKeys-Agent";
			sourceTree = "<group>";
		};
		AA9793D115C3C4D400107AB0 /* Supporting Files */ = {
			isa = PBXGroup;
			children = (
				AA9793F615C3FEDD00107AB0 /* MagicKeys-Agent-Info.plist */,
				AA9793F715C3FEDD00107AB0 /* InfoPlist.strings */,
				AA9793D215C3C4D400107AB0 /* MagicKeys-Agent-Prefix.pch */,
			);
			name = "Supporting Files";
			sourceTree = "<group>";
		};
		AAE3781B19575536009D9B7F /* DDHidLib */ = {
			isa = PBXGroup;
			children = (
				AAE3783A1957562C009D9B7F /* NSXReturnThrowError.h */,
				AAE3783B1957562C009D9B7F /* NSXReturnThrowError.m */,
				AAE3783119575605009D9B7F /* DDHidQueue.h */,
				AAE3783219575605009D9B7F /* DDHidQueue.m */,
				AAE3783319575605009D9B7F /* DDHidKeyboard.h */,
				AAE3783419575605009D9B7F /* DDHidKeyboard.m */,
				AAE3783519575605009D9B7F /* DDHidAppleRemote.h */,
				AAE3783619575605009D9B7F /* DDHidAppleRemote.m */,
				AAE3782E195755F1009D9B7F /* DDHidElement.h */,
				AAE3782F195755F1009D9B7F /* DDHidElement.m */,
				AAE37825195755E2009D9B7F /* DDHidEvent.h */,
				AAE37826195755E2009D9B7F /* DDHidEvent.m */,
				AAE37827195755E2009D9B7F /* DDHidUsageTables.h */,
				AAE37828195755E2009D9B7F /* DDHidUsageTables.m */,
				AAE37829195755E2009D9B7F /* NSDictionary+DDHidExtras.h */,
				AAE3782A195755E2009D9B7F /* NSDictionary+DDHidExtras.m */,
				AAE37822195755CA009D9B7F /* DDHidUsage.h */,
				AAE37823195755CA009D9B7F /* DDHidUsage.m */,
				AAE3781C19575585009D9B7F /* DDHidAppleMikey.h */,
				AAE3781D19575585009D9B7F /* DDHidAppleMikey.m */,
				AAE3781E19575585009D9B7F /* DDHidDevice.h */,
				AAE3781F19575585009D9B7F /* DDHidDevice.m */,
			);
			path = DDHidLib;
			sourceTree = "<group>";
		};
/* End PBXGroup section */

/* Begin PBXHeadersBuildPhase section */
		AA965CE515C112FE00429016 /* Headers */ = {
			isa = PBXHeadersBuildPhase;
			buildActionMask = 2147483647;
			files = (
			);
			runOnlyForDeploymentPostprocessing = 0;
		};
/* End PBXHeadersBuildPhase section */

/* Begin PBXNativeTarget section */
		AA965CE815C112FE00429016 /* MagicKeys */ = {
			isa = PBXNativeTarget;
			buildConfigurationList = AA965D0515C112FE00429016 /* Build configuration list for PBXNativeTarget "MagicKeys" */;
			buildPhases = (
				AA965CE315C112FE00429016 /* Sources */,
				AA965CE415C112FE00429016 /* Frameworks */,
				AA965CE515C112FE00429016 /* Headers */,
				AA965CE615C112FE00429016 /* Resources */,
				AA965CE715C112FE00429016 /* Rez */,
				AA9793DF15C3C4F800107AB0 /* CopyFiles */,
			);
			buildRules = (
			);
			dependencies = (
				AA97940A15C3FF5B00107AB0 /* PBXTargetDependency */,
			);
			name = MagicKeys;
			productName = MagicKeys;
			productReference = AA965CE915C112FE00429016 /* MagicKeys.prefPane */;
			productType = "com.apple.product-type.bundle";
		};
		AA9793F015C3FEDD00107AB0 /* MagicKeys-Agent */ = {
			isa = PBXNativeTarget;
			buildConfigurationList = AA97940615C3FEDD00107AB0 /* Build configuration list for PBXNativeTarget "MagicKeys-Agent" */;
			buildPhases = (
				AA9793ED15C3FEDD00107AB0 /* Sources */,
				AA9793EE15C3FEDD00107AB0 /* Frameworks */,
				AA9793EF15C3FEDD00107AB0 /* Resources */,
			);
			buildRules = (
			);
			dependencies = (
			);
			name = "MagicKeys-Agent";
			productName = "MagicKeys-Agent";
			productReference = AA9793F115C3FEDD00107AB0 /* MagicKeys-Agent.app */;
			productType = "com.apple.product-type.application";
		};
/* End PBXNativeTarget section */

/* Begin PBXProject section */
		AA965CDE15C112FE00429016 /* Project object */ = {
			isa = PBXProject;
			attributes = {
				LastUpgradeCheck = 0600;
				ORGANIZATIONNAME = "Treasure Box";
			};
			buildConfigurationList = AA965CE115C112FE00429016 /* Build configuration list for PBXProject "MagicKeys" */;
			compatibilityVersion = "Xcode 3.2";
			developmentRegion = English;
			hasScannedForEncodings = 0;
			knownRegions = (
				en,
			);
			mainGroup = AA965CDC15C112FE00429016;
			productRefGroup = AA965CEA15C112FE00429016 /* Products */;
			projectDirPath = "";
			projectRoot = "";
			targets = (
				AA965CE815C112FE00429016 /* MagicKeys */,
				AA9793F015C3FEDD00107AB0 /* MagicKeys-Agent */,
			);
		};
/* End PBXProject section */

/* Begin PBXResourcesBuildPhase section */
		AA965CE615C112FE00429016 /* Resources */ = {
			isa = PBXResourcesBuildPhase;
			buildActionMask = 2147483647;
			files = (
				AA965CF915C112FE00429016 /* InfoPlist.strings in Resources */,
				AA965D0215C112FE00429016 /* MagicKeys.xib in Resources */,
				AA3D876B15C2B16F00442343 /* MagicKeys.png in Resources */,
				AAFF8D9615F8FC0E0084A11B /* Credits.rtf in Resources */,
			);
			runOnlyForDeploymentPostprocessing = 0;
		};
		AA9793EF15C3FEDD00107AB0 /* Resources */ = {
			isa = PBXResourcesBuildPhase;
			buildActionMask = 2147483647;
			files = (
				AA9793F915C3FEDD00107AB0 /* InfoPlist.strings in Resources */,
			);
			runOnlyForDeploymentPostprocessing = 0;
		};
/* End PBXResourcesBuildPhase section */

/* Begin PBXRezBuildPhase section */
		AA965CE715C112FE00429016 /* Rez */ = {
			isa = PBXRezBuildPhase;
			buildActionMask = 2147483647;
			files = (
			);
			runOnlyForDeploymentPostprocessing = 0;
		};
/* End PBXRezBuildPhase section */

/* Begin PBXSourcesBuildPhase section */
		AA965CE315C112FE00429016 /* Sources */ = {
			isa = PBXSourcesBuildPhase;
			buildActionMask = 2147483647;
			files = (
				AA965CFD15C112FE00429016 /* MagicKeys.m in Sources */,
			);
			runOnlyForDeploymentPostprocessing = 0;
		};
		AA9793ED15C3FEDD00107AB0 /* Sources */ = {
			isa = PBXSourcesBuildPhase;
			buildActionMask = 2147483647;
			files = (
				AA97940C15C3FFB800107AB0 /* main.m in Sources */,
				AAE37824195755CA009D9B7F /* DDHidUsage.m in Sources */,
				AAE3782D195755E2009D9B7F /* NSDictionary+DDHidExtras.m in Sources */,
				AA97940D15C3FFBC00107AB0 /* NSObject+SPInvocationGrabbing.m in Sources */,
				AAE3783819575605009D9B7F /* DDHidKeyboard.m in Sources */,
				AAE3782B195755E2009D9B7F /* DDHidEvent.m in Sources */,
				AAE3782019575585009D9B7F /* DDHidAppleMikey.m in Sources */,
				AAE3783C1957562C009D9B7F /* NSXReturnThrowError.m in Sources */,
				AAE3783719575605009D9B7F /* DDHidQueue.m in Sources */,
				AA97940E15C3FFBF00107AB0 /* SPMediaKeyTap.m in Sources */,
				AAFF8D6015F8A0650084A11B /* HIDRemote.m in Sources */,
				AAE3783919575605009D9B7F /* DDHidAppleRemote.m in Sources */,
				AAE37830195755F1009D9B7F /* DDHidElement.m in Sources */,
				AAE3782119575585009D9B7F /* DDHidDevice.m in Sources */,
				AAE3782C195755E2009D9B7F /* DDHidUsageTables.m in Sources */,
				AAB1CCFF166C275800BF3D7B /* Launcher.m in Sources */,
			);
			runOnlyForDeploymentPostprocessing = 0;
		};
/* End PBXSourcesBuildPhase section */

/* Begin PBXTargetDependency section */
		AA97940A15C3FF5B00107AB0 /* PBXTargetDependency */ = {
			isa = PBXTargetDependency;
			target = AA9793F015C3FEDD00107AB0 /* MagicKeys-Agent */;
			targetProxy = AA97940915C3FF5B00107AB0 /* PBXContainerItemProxy */;
		};
/* End PBXTargetDependency section */

/* Begin PBXVariantGroup section */
		AA965CF715C112FE00429016 /* InfoPlist.strings */ = {
			isa = PBXVariantGroup;
			children = (
				AA965CF815C112FE00429016 /* en */,
			);
			name = InfoPlist.strings;
			sourceTree = "<group>";
		};
		AA965D0015C112FE00429016 /* MagicKeys.xib */ = {
			isa = PBXVariantGroup;
			children = (
				AA965D0115C112FE00429016 /* en */,
			);
			name = MagicKeys.xib;
			sourceTree = "<group>";
		};
		AA9793F715C3FEDD00107AB0 /* InfoPlist.strings */ = {
			isa = PBXVariantGroup;
			children = (
				AA9793F815C3FEDD00107AB0 /* en */,
			);
			name = InfoPlist.strings;
			sourceTree = "<group>";
		};
/* End PBXVariantGroup section */

/* Begin XCBuildConfiguration section */
		AA965D0315C112FE00429016 /* Debug */ = {
			isa = XCBuildConfiguration;
			buildSettings = {
				ALWAYS_SEARCH_USER_PATHS = NO;
				ARCHS = "$(ARCHS_STANDARD_32_64_BIT)";
				CLANG_CXX_LANGUAGE_STANDARD = "gnu++0x";
				CLANG_ENABLE_OBJC_ARC = NO;
				CLANG_WARN__DUPLICATE_METHOD_MATCH = YES;
				CODE_SIGN_IDENTITY = "Developer ID Application: Zsolt Szatmari";
				COPY_PHASE_STRIP = NO;
				GCC_C_LANGUAGE_STANDARD = gnu99;
				GCC_DYNAMIC_NO_PIC = NO;
				GCC_ENABLE_OBJC_EXCEPTIONS = YES;
				GCC_ENABLE_OBJC_GC = supported;
				GCC_OPTIMIZATION_LEVEL = 0;
				GCC_PREPROCESSOR_DEFINITIONS = (
					"DEBUG=1",
					"$(inherited)",
				);
				GCC_SYMBOLS_PRIVATE_EXTERN = NO;
				GCC_WARN_64_TO_32_BIT_CONVERSION = YES;
				GCC_WARN_ABOUT_RETURN_TYPE = YES;
				GCC_WARN_UNINITIALIZED_AUTOS = YES;
				GCC_WARN_UNUSED_VARIABLE = YES;
				MACOSX_DEPLOYMENT_TARGET = 10.6;
				ONLY_ACTIVE_ARCH = YES;
				PROVISIONING_PROFILE = "";
				SDKROOT = macosx10.8;
			};
			name = Debug;
		};
		AA965D0415C112FE00429016 /* Release */ = {
			isa = XCBuildConfiguration;
			buildSettings = {
				ALWAYS_SEARCH_USER_PATHS = NO;
				ARCHS = "$(ARCHS_STANDARD_32_64_BIT)";
				CLANG_CXX_LANGUAGE_STANDARD = "gnu++0x";
				CLANG_ENABLE_OBJC_ARC = NO;
				CLANG_WARN__DUPLICATE_METHOD_MATCH = YES;
				CODE_SIGN_IDENTITY = "Developer ID Application: Zsolt Szatmari";
				COPY_PHASE_STRIP = YES;
				DEBUG_INFORMATION_FORMAT = "dwarf-with-dsym";
				GCC_C_LANGUAGE_STANDARD = gnu99;
				GCC_ENABLE_OBJC_EXCEPTIONS = YES;
				GCC_ENABLE_OBJC_GC = supported;
				GCC_WARN_64_TO_32_BIT_CONVERSION = YES;
				GCC_WARN_ABOUT_RETURN_TYPE = YES;
				GCC_WARN_UNINITIALIZED_AUTOS = YES;
				GCC_WARN_UNUSED_VARIABLE = YES;
				MACOSX_DEPLOYMENT_TARGET = 10.6;
				PROVISIONING_PROFILE = "";
				SDKROOT = macosx10.8;
			};
			name = Release;
		};
		AA965D0615C112FE00429016 /* Debug */ = {
			isa = XCBuildConfiguration;
			buildSettings = {
				ARCHS = "$(ARCHS_STANDARD_64_BIT)";
				CLANG_ENABLE_OBJC_ARC = NO;
				COMBINE_HIDPI_IMAGES = YES;
				GCC_PRECOMPILE_PREFIX_HEADER = YES;
				GCC_PREFIX_HEADER = "MagicKeys/MagicKeys-Prefix.pch";
				INFOPLIST_FILE = "MagicKeys/MagicKeys-Info.plist";
				INSTALL_PATH = "$(HOME)/Library/PreferencePanes";
				PRODUCT_NAME = "$(TARGET_NAME)";
				SDKROOT = macosx;
				WRAPPER_EXTENSION = prefPane;
			};
			name = Debug;
		};
		AA965D0715C112FE00429016 /* Release */ = {
			isa = XCBuildConfiguration;
			buildSettings = {
				ARCHS = "$(ARCHS_STANDARD_64_BIT)";
				CLANG_ENABLE_OBJC_ARC = NO;
				COMBINE_HIDPI_IMAGES = YES;
				GCC_PRECOMPILE_PREFIX_HEADER = YES;
				GCC_PREFIX_HEADER = "MagicKeys/MagicKeys-Prefix.pch";
				INFOPLIST_FILE = "MagicKeys/MagicKeys-Info.plist";
				INSTALL_PATH = "$(HOME)/Library/PreferencePanes";
				PRODUCT_NAME = "$(TARGET_NAME)";
				SDKROOT = macosx;
				WRAPPER_EXTENSION = prefPane;
			};
			name = Release;
		};
		AA97940715C3FEDD00107AB0 /* Debug */ = {
			isa = XCBuildConfiguration;
			buildSettings = {
				ARCHS = "$(ARCHS_STANDARD_64_BIT)";
				COMBINE_HIDPI_IMAGES = YES;
				GCC_ENABLE_OBJC_GC = unsupported;
				GCC_PRECOMPILE_PREFIX_HEADER = YES;
				GCC_PREFIX_HEADER = "MagicKeys-Agent/MagicKeys-Agent-Prefix.pch";
				INFOPLIST_FILE = "MagicKeys-Agent/MagicKeys-Agent-Info.plist";
				PRODUCT_NAME = "$(TARGET_NAME)";
				SDKROOT = macosx;
				WRAPPER_EXTENSION = app;
			};
			name = Debug;
		};
		AA97940815C3FEDD00107AB0 /* Release */ = {
			isa = XCBuildConfiguration;
			buildSettings = {
				ARCHS = "$(ARCHS_STANDARD_64_BIT)";
				COMBINE_HIDPI_IMAGES = YES;
				GCC_ENABLE_OBJC_GC = unsupported;
				GCC_PRECOMPILE_PREFIX_HEADER = YES;
				GCC_PREFIX_HEADER = "MagicKeys-Agent/MagicKeys-Agent-Prefix.pch";
				INFOPLIST_FILE = "MagicKeys-Agent/MagicKeys-Agent-Info.plist";
				PRODUCT_NAME = "$(TARGET_NAME)";
				SDKROOT = macosx;
				WRAPPER_EXTENSION = app;
			};
			name = Release;
		};
/* End XCBuildConfiguration section */

/* Begin XCConfigurationList section */
		AA965CE115C112FE00429016 /* Build configuration list for PBXProject "MagicKeys" */ = {
			isa = XCConfigurationList;
			buildConfigurations = (
				AA965D0315C112FE00429016 /* Debug */,
				AA965D0415C112FE00429016 /* Release */,
			);
			defaultConfigurationIsVisible = 0;
			defaultConfigurationName = Release;
		};
		AA965D0515C112FE00429016 /* Build configuration list for PBXNativeTarget "MagicKeys" */ = {
			isa = XCConfigurationList;
			buildConfigurations = (
				AA965D0615C112FE00429016 /* Debug */,
				AA965D0715C112FE00429016 /* Release */,
			);
			defaultConfigurationIsVisible = 0;
			defaultConfigurationName = Release;
		};
		AA97940615C3FEDD00107AB0 /* Build configuration list for PBXNativeTarget "MagicKeys-Agent" */ = {
			isa = XCConfigurationList;
			buildConfigurations = (
				AA97940715C3FEDD00107AB0 /* Debug */,
				AA97940815C3FEDD00107AB0 /* Release */,
			);
			defaultConfigurationIsVisible = 0;
			defaultConfigurationName = Release;
		};
/* End XCConfigurationList section */
	};
	rootObject = AA965CDE15C112FE00429016 /* Project object */;
}
