// !$*UTF8*$!
{
	archiveVersion = 1;
	classes = {
	};
	objectVersion = 46;
	objects = {

/* Begin PBXBuildFile section */
		AA965CED15C112FE00429016 /* Cocoa.framework in Frameworks */ = {isa = PBXBuildFile; fileRef = AA965CEC15C112FE00429016 /* Cocoa.framework */; };
		AA965CEF15C112FE00429016 /* PreferencePanes.framework in Frameworks */ = {isa = PBXBuildFile; fileRef = AA965CEE15C112FE00429016 /* PreferencePanes.framework */; };
		AA965CF915C112FE00429016 /* InfoPlist.strings in Resources */ = {isa = PBXBuildFile; fileRef = AA965CF715C112FE00429016 /* InfoPlist.strings */; };
		AA965CFD15C112FE00429016 /* MagicKeys.m in Sources */ = {isa = PBXBuildFile; fileRef = AA965CFC15C112FE00429016 /* MagicKeys.m */; };
		AA965CFF15C112FE00429016 /* MagicKeys.tiff in Resources */ = {isa = PBXBuildFile; fileRef = AA965CFE15C112FE00429016 /* MagicKeys.tiff */; };
		AA965D0215C112FE00429016 /* MagicKeys.xib in Resources */ = {isa = PBXBuildFile; fileRef = AA965D0015C112FE00429016 /* MagicKeys.xib */; };
/* End PBXBuildFile section */

/* Begin PBXFileReference section */
		AA965CE915C112FE00429016 /* MagicKeys.prefPane */ = {isa = PBXFileReference; explicitFileType = wrapper.cfbundle; includeInIndex = 0; path = MagicKeys.prefPane; sourceTree = BUILT_PRODUCTS_DIR; };
		AA965CEC15C112FE00429016 /* Cocoa.framework */ = {isa = PBXFileReference; lastKnownFileType = wrapper.framework; name = Cocoa.framework; path = System/Library/Frameworks/Cocoa.framework; sourceTree = SDKROOT; };
		AA965CEE15C112FE00429016 /* PreferencePanes.framework */ = {isa = PBXFileReference; lastKnownFileType = wrapper.framework; name = PreferencePanes.framework; path = System/Library/Frameworks/PreferencePanes.framework; sourceTree = SDKROOT; };
		AA965CF115C112FE00429016 /* AppKit.framework */ = {isa = PBXFileReference; lastKnownFileType = wrapper.framework; name = AppKit.framework; path = System/Library/Frameworks/AppKit.framework; sourceTree = SDKROOT; };
		AA965CF215C112FE00429016 /* CoreData.framework */ = {isa = PBXFileReference; lastKnownFileType = wrapper.framework; name = CoreData.framework; path = System/Library/Frameworks/CoreData.framework; sourceTree = SDKROOT; };
		AA965CF315C112FE00429016 /* Foundation.framework */ = {isa = PBXFileReference; lastKnownFileType = wrapper.framework; name = Foundation.framework; path = System/Library/Frameworks/Foundation.framework; sourceTree = SDKROOT; };
		AA965CF615C112FE00429016 /* MagicKeys-Info.plist */ = {isa = PBXFileReference; lastKnownFileType = text.plist.xml; path = "MagicKeys-Info.plist"; sourceTree = "<group>"; };
		AA965CF815C112FE00429016 /* en */ = {isa = PBXFileReference; lastKnownFileType = text.plist.strings; name = en; path = en.lproj/InfoPlist.strings; sourceTree = "<group>"; };
		AA965CFA15C112FE00429016 /* MagicKeys-Prefix.pch */ = {isa = PBXFileReference; lastKnownFileType = sourcecode.c.h; path = "MagicKeys-Prefix.pch"; sourceTree = "<group>"; };
		AA965CFB15C112FE00429016 /* MagicKeys.h */ = {isa = PBXFileReference; lastKnownFileType = sourcecode.c.h; path = MagicKeys.h; sourceTree = "<group>"; };
		AA965CFC15C112FE00429016 /* MagicKeys.m */ = {isa = PBXFileReference; lastKnownFileType = sourcecode.c.objc; path = MagicKeys.m; sourceTree = "<group>"; };
		AA965CFE15C112FE00429016 /* MagicKeys.tiff */ = {isa = PBXFileReference; lastKnownFileType = image.tiff; path = MagicKeys.tiff; sourceTree = "<group>"; };
		AA965D0115C112FE00429016 /* en */ = {isa = PBXFileReference; lastKnownFileType = file.xib; name = en; path = en.lproj/MagicKeys.xib; sourceTree = "<group>"; };
/* End PBXFileReference section */

/* Begin PBXFrameworksBuildPhase section */
		AA965CE415C112FE00429016 /* Frameworks */ = {
			isa = PBXFrameworksBuildPhase;
			buildActionMask = 2147483647;
			files = (
				AA965CED15C112FE00429016 /* Cocoa.framework in Frameworks */,
				AA965CEF15C112FE00429016 /* PreferencePanes.framework in Frameworks */,
			);
			runOnlyForDeploymentPostprocessing = 0;
		};
/* End PBXFrameworksBuildPhase section */

/* Begin PBXGroup section */
		AA965CDC15C112FE00429016 = {
			isa = PBXGroup;
			children = (
				AA965CF415C112FE00429016 /* MagicKeys */,
				AA965CEB15C112FE00429016 /* Frameworks */,
				AA965CEA15C112FE00429016 /* Products */,
			);
			sourceTree = "<group>";
		};
		AA965CEA15C112FE00429016 /* Products */ = {
			isa = PBXGroup;
			children = (
				AA965CE915C112FE00429016 /* MagicKeys.prefPane */,
			);
			name = Products;
			sourceTree = "<group>";
		};
		AA965CEB15C112FE00429016 /* Frameworks */ = {
			isa = PBXGroup;
			children = (
				AA965CEC15C112FE00429016 /* Cocoa.framework */,
				AA965CEE15C112FE00429016 /* PreferencePanes.framework */,
				AA965CF015C112FE00429016 /* Other Frameworks */,
			);
			name = Frameworks;
			sourceTree = "<group>";
		};
		AA965CF015C112FE00429016 /* Other Frameworks */ = {
			isa = PBXGroup;
			children = (
				AA965CF115C112FE00429016 /* AppKit.framework */,
				AA965CF215C112FE00429016 /* CoreData.framework */,
				AA965CF315C112FE00429016 /* Foundation.framework */,
			);
			name = "Other Frameworks";
			sourceTree = "<group>";
		};
		AA965CF415C112FE00429016 /* MagicKeys */ = {
			isa = PBXGroup;
			children = (
				AA965CFB15C112FE00429016 /* MagicKeys.h */,
				AA965CFC15C112FE00429016 /* MagicKeys.m */,
				AA965CFE15C112FE00429016 /* MagicKeys.tiff */,
				AA965D0015C112FE00429016 /* MagicKeys.xib */,
				AA965CF515C112FE00429016 /* Supporting Files */,
			);
			path = MagicKeys;
			sourceTree = "<group>";
		};
		AA965CF515C112FE00429016 /* Supporting Files */ = {
			isa = PBXGroup;
			children = (
				AA965CF615C112FE00429016 /* MagicKeys-Info.plist */,
				AA965CF715C112FE00429016 /* InfoPlist.strings */,
				AA965CFA15C112FE00429016 /* MagicKeys-Prefix.pch */,
			);
			name = "Supporting Files";
			sourceTree = "<group>";
		};
/* End PBXGroup section */

/* Begin PBXHeadersBuildPhase section */
		AA965CE515C112FE00429016 /* Headers */ = {
			isa = PBXHeadersBuildPhase;
			buildActionMask = 2147483647;
			files = (
			);
			runOnlyForDeploymentPostprocessing = 0;
		};
/* End PBXHeadersBuildPhase section */

/* Begin PBXNativeTarget section */
		AA965CE815C112FE00429016 /* MagicKeys */ = {
			isa = PBXNativeTarget;
			buildConfigurationList = AA965D0515C112FE00429016 /* Build configuration list for PBXNativeTarget "MagicKeys" */;
			buildPhases = (
				AA965CE315C112FE00429016 /* Sources */,
				AA965CE415C112FE00429016 /* Frameworks */,
				AA965CE515C112FE00429016 /* Headers */,
				AA965CE615C112FE00429016 /* Resources */,
				AA965CE715C112FE00429016 /* Rez */,
			);
			buildRules = (
			);
			dependencies = (
			);
			name = MagicKeys;
			productName = MagicKeys;
			productReference = AA965CE915C112FE00429016 /* MagicKeys.prefPane */;
			productType = "com.apple.product-type.bundle";
		};
/* End PBXNativeTarget section */

/* Begin PBXProject section */
		AA965CDE15C112FE00429016 /* Project object */ = {
			isa = PBXProject;
			attributes = {
				LastUpgradeCheck = 0440;
				ORGANIZATIONNAME = "Treasure Box";
			};
			buildConfigurationList = AA965CE115C112FE00429016 /* Build configuration list for PBXProject "MagicKeys" */;
			compatibilityVersion = "Xcode 3.2";
			developmentRegion = English;
			hasScannedForEncodings = 0;
			knownRegions = (
				en,
			);
			mainGroup = AA965CDC15C112FE00429016;
			productRefGroup = AA965CEA15C112FE00429016 /* Products */;
			projectDirPath = "";
			projectRoot = "";
			targets = (
				AA965CE815C112FE00429016 /* MagicKeys */,
			);
		};
/* End PBXProject section */

/* Begin PBXResourcesBuildPhase section */
		AA965CE615C112FE00429016 /* Resources */ = {
			isa = PBXResourcesBuildPhase;
			buildActionMask = 2147483647;
			files = (
				AA965CF915C112FE00429016 /* InfoPlist.strings in Resources */,
				AA965CFF15C112FE00429016 /* MagicKeys.tiff in Resources */,
				AA965D0215C112FE00429016 /* MagicKeys.xib in Resources */,
			);
			runOnlyForDeploymentPostprocessing = 0;
		};
/* End PBXResourcesBuildPhase section */

/* Begin PBXRezBuildPhase section */
		AA965CE715C112FE00429016 /* Rez */ = {
			isa = PBXRezBuildPhase;
			buildActionMask = 2147483647;
			files = (
			);
			runOnlyForDeploymentPostprocessing = 0;
		};
/* End PBXRezBuildPhase section */

/* Begin PBXSourcesBuildPhase section */
		AA965CE315C112FE00429016 /* Sources */ = {
			isa = PBXSourcesBuildPhase;
			buildActionMask = 2147483647;
			files = (
				AA965CFD15C112FE00429016 /* MagicKeys.m in Sources */,
			);
			runOnlyForDeploymentPostprocessing = 0;
		};
/* End PBXSourcesBuildPhase section */

/* Begin PBXVariantGroup section */
		AA965CF715C112FE00429016 /* InfoPlist.strings */ = {
			isa = PBXVariantGroup;
			children = (
				AA965CF815C112FE00429016 /* en */,
			);
			name = InfoPlist.strings;
			sourceTree = "<group>";
		};
		AA965D0015C112FE00429016 /* MagicKeys.xib */ = {
			isa = PBXVariantGroup;
			children = (
				AA965D0115C112FE00429016 /* en */,
			);
			name = MagicKeys.xib;
			sourceTree = "<group>";
		};
/* End PBXVariantGroup section */

/* Begin XCBuildConfiguration section */
		AA965D0315C112FE00429016 /* Debug */ = {
			isa = XCBuildConfiguration;
			buildSettings = {
				ALWAYS_SEARCH_USER_PATHS = NO;
				ARCHS = "$(ARCHS_STANDARD_32_64_BIT)";
				CLANG_CXX_LANGUAGE_STANDARD = "gnu++0x";
				CLANG_WARN__DUPLICATE_METHOD_MATCH = YES;
				CODE_SIGN_IDENTITY = "Developer ID Application: Zsolt Szatmari";
				COPY_PHASE_STRIP = NO;
				GCC_C_LANGUAGE_STANDARD = gnu99;
				GCC_DYNAMIC_NO_PIC = NO;
				GCC_ENABLE_OBJC_EXCEPTIONS = YES;
				GCC_ENABLE_OBJC_GC = NO;
				GCC_OPTIMIZATION_LEVEL = 0;
				GCC_PREPROCESSOR_DEFINITIONS = (
					"DEBUG=1",
					"$(inherited)",
				);
				GCC_SYMBOLS_PRIVATE_EXTERN = NO;
				GCC_WARN_64_TO_32_BIT_CONVERSION = YES;
				GCC_WARN_ABOUT_RETURN_TYPE = YES;
				GCC_WARN_UNINITIALIZED_AUTOS = YES;
				GCC_WARN_UNUSED_VARIABLE = YES;
				MACOSX_DEPLOYMENT_TARGET = 10.7;
				ONLY_ACTIVE_ARCH = YES;
				PROVISIONING_PROFILE = "";
				SDKROOT = macosx10.7;
			};
			name = Debug;
		};
		AA965D0415C112FE00429016 /* Release */ = {
			isa = XCBuildConfiguration;
			buildSettings = {
				ALWAYS_SEARCH_USER_PATHS = NO;
				ARCHS = "$(ARCHS_STANDARD_32_64_BIT)";
				CLANG_CXX_LANGUAGE_STANDARD = "gnu++0x";
				CLANG_WARN__DUPLICATE_METHOD_MATCH = YES;
				CODE_SIGN_IDENTITY = "Developer ID Application: Zsolt Szatmari";
				COPY_PHASE_STRIP = YES;
				DEBUG_INFORMATION_FORMAT = "dwarf-with-dsym";
				GCC_C_LANGUAGE_STANDARD = gnu99;
				GCC_ENABLE_OBJC_EXCEPTIONS = YES;
				GCC_ENABLE_OBJC_GC = NO;
				GCC_WARN_64_TO_32_BIT_CONVERSION = YES;
				GCC_WARN_ABOUT_RETURN_TYPE = YES;
				GCC_WARN_UNINITIALIZED_AUTOS = YES;
				GCC_WARN_UNUSED_VARIABLE = YES;
				MACOSX_DEPLOYMENT_TARGET = 10.7;
				PROVISIONING_PROFILE = "";
				SDKROOT = macosx10.7;
			};
			name = Release;
		};
		AA965D0615C112FE00429016 /* Debug */ = {
			isa = XCBuildConfiguration;
			buildSettings = {
				ARCHS = "$(ARCHS_STANDARD_64_BIT)";
				CLANG_ENABLE_OBJC_ARC = YES;
				COMBINE_HIDPI_IMAGES = YES;
				GCC_PRECOMPILE_PREFIX_HEADER = YES;
				GCC_PREFIX_HEADER = "MagicKeys/MagicKeys-Prefix.pch";
				INFOPLIST_FILE = "MagicKeys/MagicKeys-Info.plist";
				INSTALL_PATH = "$(HOME)/Library/PreferencePanes";
				PRODUCT_NAME = "$(TARGET_NAME)";
				SDKROOT = macosx;
				WRAPPER_EXTENSION = prefPane;
			};
			name = Debug;
		};
		AA965D0715C112FE00429016 /* Release */ = {
			isa = XCBuildConfiguration;
			buildSettings = {
				ARCHS = "$(ARCHS_STANDARD_64_BIT)";
				CLANG_ENABLE_OBJC_ARC = YES;
				COMBINE_HIDPI_IMAGES = YES;
				GCC_PRECOMPILE_PREFIX_HEADER = YES;
				GCC_PREFIX_HEADER = "MagicKeys/MagicKeys-Prefix.pch";
				INFOPLIST_FILE = "MagicKeys/MagicKeys-Info.plist";
				INSTALL_PATH = "$(HOME)/Library/PreferencePanes";
				PRODUCT_NAME = "$(TARGET_NAME)";
				SDKROOT = macosx;
				WRAPPER_EXTENSION = prefPane;
			};
			name = Release;
		};
/* End XCBuildConfiguration section */

/* Begin XCConfigurationList section */
		AA965CE115C112FE00429016 /* Build configuration list for PBXProject "MagicKeys" */ = {
			isa = XCConfigurationList;
			buildConfigurations = (
				AA965D0315C112FE00429016 /* Debug */,
				AA965D0415C112FE00429016 /* Release */,
			);
			defaultConfigurationIsVisible = 0;
			defaultConfigurationName = Release;
		};
		AA965D0515C112FE00429016 /* Build configuration list for PBXNativeTarget "MagicKeys" */ = {
			isa = XCConfigurationList;
			buildConfigurations = (
				AA965D0615C112FE00429016 /* Debug */,
				AA965D0715C112FE00429016 /* Release */,
			);
			defaultConfigurationIsVisible = 0;
			defaultConfigurationName = Release;
		};
/* End XCConfigurationList section */
	};
	rootObject = AA965CDE15C112FE00429016 /* Project object */;
}
