// !$*UTF8*$!
{
	archiveVersion = 1;
	classes = {
	};
	objectVersion = 46;
	objects = {

/* Begin PBXBuildFile section */
		AA8918E615BFC06D00F034EF /* Cocoa.framework in Frameworks */ = {isa = PBXBuildFile; fileRef = AA8918E515BFC06D00F034EF /* Cocoa.framework */; };
		AA8918E815BFC06D00F034EF /* PreferencePanes.framework in Frameworks */ = {isa = PBXBuildFile; fileRef = AA8918E715BFC06D00F034EF /* PreferencePanes.framework */; };
		AA8918F215BFC06D00F034EF /* InfoPlist.strings in Resources */ = {isa = PBXBuildFile; fileRef = AA8918F015BFC06D00F034EF /* InfoPlist.strings */; };
		AA8918F815BFC06D00F034EF /* Magic_Keys.tiff in Resources */ = {isa = PBXBuildFile; fileRef = AA8918F715BFC06D00F034EF /* Magic_Keys.tiff */; };
		AA89191715BFC2B000F034EF /* Foundation.framework in Frameworks */ = {isa = PBXBuildFile; fileRef = AA89191615BFC2B000F034EF /* Foundation.framework */; };
		AA89192C15BFC70700F034EF /* MagicKeys-Agent in CopyFiles */ = {isa = PBXBuildFile; fileRef = AA89191415BFC2B000F034EF /* MagicKeys-Agent */; };
		AA89192E15BFC77000F034EF /* Carbon.framework in Frameworks */ = {isa = PBXBuildFile; fileRef = AA89192D15BFC77000F034EF /* Carbon.framework */; };
		AA89192F15BFC78C00F034EF /* Cocoa.framework in Frameworks */ = {isa = PBXBuildFile; fileRef = AA8918E515BFC06D00F034EF /* Cocoa.framework */; };
		AA89193C15BFD0FA00F034EF /* MagicKeys.h in Headers */ = {isa = PBXBuildFile; fileRef = AA89193A15BFD0FA00F034EF /* MagicKeys.h */; };
		AA89193D15BFD0FA00F034EF /* MagicKeys.m in Sources */ = {isa = PBXBuildFile; fileRef = AA89193B15BFD0FA00F034EF /* MagicKeys.m */; };
		AA965D0915C1132800429016 /* MagicKeys.xib in Resources */ = {isa = PBXBuildFile; fileRef = AA965D0815C1132800429016 /* MagicKeys.xib */; };
		AA965D2015C116A300429016 /* NSObject+SPInvocationGrabbing.m in Sources */ = {isa = PBXBuildFile; fileRef = AA965D1D15C116A300429016 /* NSObject+SPInvocationGrabbing.m */; };
		AA965D2115C116A300429016 /* SPMediaKeyTap.m in Sources */ = {isa = PBXBuildFile; fileRef = AA965D1F15C116A300429016 /* SPMediaKeyTap.m */; };
		AA965D2315C116B300429016 /* main.m in Sources */ = {isa = PBXBuildFile; fileRef = AA965D2215C116B300429016 /* main.m */; };
/* End PBXBuildFile section */

/* Begin PBXContainerItemProxy section */
		AA89192515BFC30600F034EF /* PBXContainerItemProxy */ = {
			isa = PBXContainerItemProxy;
			containerPortal = AA8918D715BFC06D00F034EF /* Project object */;
			proxyType = 1;
			remoteGlobalIDString = AA89191315BFC2B000F034EF;
			remoteInfo = "MagicKeys-Agent";
		};
/* End PBXContainerItemProxy section */

/* Begin PBXCopyFilesBuildPhase section */
		AA89191215BFC2B000F034EF /* CopyFiles */ = {
			isa = PBXCopyFilesBuildPhase;
			buildActionMask = 2147483647;
			dstPath = /usr/share/man/man1/;
			dstSubfolderSpec = 0;
			files = (
			);
			runOnlyForDeploymentPostprocessing = 1;
		};
		AA89192B15BFC6E800F034EF /* CopyFiles */ = {
			isa = PBXCopyFilesBuildPhase;
			buildActionMask = 2147483647;
			dstPath = ../Library/LoginItems;
			dstSubfolderSpec = 7;
			files = (
				AA89192C15BFC70700F034EF /* MagicKeys-Agent in CopyFiles */,
			);
			runOnlyForDeploymentPostprocessing = 0;
		};
/* End PBXCopyFilesBuildPhase section */

/* Begin PBXFileReference section */
		AA8918E215BFC06D00F034EF /* Magic Keys.prefPane */ = {isa = PBXFileReference; explicitFileType = wrapper.cfbundle; includeInIndex = 0; path = "Magic Keys.prefPane"; sourceTree = BUILT_PRODUCTS_DIR; };
		AA8918E515BFC06D00F034EF /* Cocoa.framework */ = {isa = PBXFileReference; lastKnownFileType = wrapper.framework; name = Cocoa.framework; path = System/Library/Frameworks/Cocoa.framework; sourceTree = SDKROOT; };
		AA8918E715BFC06D00F034EF /* PreferencePanes.framework */ = {isa = PBXFileReference; lastKnownFileType = wrapper.framework; name = PreferencePanes.framework; path = System/Library/Frameworks/PreferencePanes.framework; sourceTree = SDKROOT; };
		AA8918EA15BFC06D00F034EF /* AppKit.framework */ = {isa = PBXFileReference; lastKnownFileType = wrapper.framework; name = AppKit.framework; path = System/Library/Frameworks/AppKit.framework; sourceTree = SDKROOT; };
		AA8918EB15BFC06D00F034EF /* CoreData.framework */ = {isa = PBXFileReference; lastKnownFileType = wrapper.framework; name = CoreData.framework; path = System/Library/Frameworks/CoreData.framework; sourceTree = SDKROOT; };
		AA8918EC15BFC06D00F034EF /* Foundation.framework */ = {isa = PBXFileReference; lastKnownFileType = wrapper.framework; name = Foundation.framework; path = System/Library/Frameworks/Foundation.framework; sourceTree = SDKROOT; };
		AA8918EF15BFC06D00F034EF /* Magic Keys-Info.plist */ = {isa = PBXFileReference; lastKnownFileType = text.plist.xml; path = "Magic Keys-Info.plist"; sourceTree = "<group>"; };
		AA8918F115BFC06D00F034EF /* en */ = {isa = PBXFileReference; lastKnownFileType = text.plist.strings; name = en; path = en.lproj/InfoPlist.strings; sourceTree = "<group>"; };
		AA8918F315BFC06D00F034EF /* Magic Keys-Prefix.pch */ = {isa = PBXFileReference; lastKnownFileType = sourcecode.c.h; path = "Magic Keys-Prefix.pch"; sourceTree = "<group>"; };
		AA8918F715BFC06D00F034EF /* Magic_Keys.tiff */ = {isa = PBXFileReference; lastKnownFileType = image.tiff; path = Magic_Keys.tiff; sourceTree = "<group>"; };
		AA89191415BFC2B000F034EF /* MagicKeys-Agent */ = {isa = PBXFileReference; explicitFileType = "compiled.mach-o.executable"; includeInIndex = 0; path = "MagicKeys-Agent"; sourceTree = BUILT_PRODUCTS_DIR; };
		AA89191615BFC2B000F034EF /* Foundation.framework */ = {isa = PBXFileReference; lastKnownFileType = wrapper.framework; name = Foundation.framework; path = System/Library/Frameworks/Foundation.framework; sourceTree = SDKROOT; };
		AA89191C15BFC2B000F034EF /* MagicKeys-Agent-Prefix.pch */ = {isa = PBXFileReference; lastKnownFileType = sourcecode.c.h; path = "MagicKeys-Agent-Prefix.pch"; sourceTree = "<group>"; };
		AA89192D15BFC77000F034EF /* Carbon.framework */ = {isa = PBXFileReference; lastKnownFileType = wrapper.framework; name = Carbon.framework; path = System/Library/Frameworks/Carbon.framework; sourceTree = SDKROOT; };
		AA89193A15BFD0FA00F034EF /* MagicKeys.h */ = {isa = PBXFileReference; fileEncoding = 4; lastKnownFileType = sourcecode.c.h; path = MagicKeys.h; sourceTree = "<group>"; };
		AA89193B15BFD0FA00F034EF /* MagicKeys.m */ = {isa = PBXFileReference; fileEncoding = 4; lastKnownFileType = sourcecode.c.objc; path = MagicKeys.m; sourceTree = "<group>"; };
		AA965D0815C1132800429016 /* MagicKeys.xib */ = {isa = PBXFileReference; fileEncoding = 4; lastKnownFileType = file.xib; path = MagicKeys.xib; sourceTree = "<group>"; };
		AA965D1C15C116A300429016 /* NSObject+SPInvocationGrabbing.h */ = {isa = PBXFileReference; fileEncoding = 4; lastKnownFileType = sourcecode.c.h; path = "NSObject+SPInvocationGrabbing.h"; sourceTree = "<group>"; };
		AA965D1D15C116A300429016 /* NSObject+SPInvocationGrabbing.m */ = {isa = PBXFileReference; fileEncoding = 4; lastKnownFileType = sourcecode.c.objc; path = "NSObject+SPInvocationGrabbing.m"; sourceTree = "<group>"; };
		AA965D1E15C116A300429016 /* SPMediaKeyTap.h */ = {isa = PBXFileReference; fileEncoding = 4; lastKnownFileType = sourcecode.c.h; path = SPMediaKeyTap.h; sourceTree = "<group>"; };
		AA965D1F15C116A300429016 /* SPMediaKeyTap.m */ = {isa = PBXFileReference; fileEncoding = 4; lastKnownFileType = sourcecode.c.objc; path = SPMediaKeyTap.m; sourceTree = "<group>"; };
		AA965D2215C116B300429016 /* main.m */ = {isa = PBXFileReference; fileEncoding = 4; lastKnownFileType = sourcecode.c.objc; path = main.m; sourceTree = "<group>"; };
/* End PBXFileReference section */

/* Begin PBXFrameworksBuildPhase section */
		AA8918DD15BFC06D00F034EF /* Frameworks */ = {
			isa = PBXFrameworksBuildPhase;
			buildActionMask = 2147483647;
			files = (
				AA8918E615BFC06D00F034EF /* Cocoa.framework in Frameworks */,
				AA8918E815BFC06D00F034EF /* PreferencePanes.framework in Frameworks */,
			);
			runOnlyForDeploymentPostprocessing = 0;
		};
		AA89191115BFC2B000F034EF /* Frameworks */ = {
			isa = PBXFrameworksBuildPhase;
			buildActionMask = 2147483647;
			files = (
				AA89192E15BFC77000F034EF /* Carbon.framework in Frameworks */,
				AA89191715BFC2B000F034EF /* Foundation.framework in Frameworks */,
				AA89192F15BFC78C00F034EF /* Cocoa.framework in Frameworks */,
			);
			runOnlyForDeploymentPostprocessing = 0;
		};
/* End PBXFrameworksBuildPhase section */

/* Begin PBXGroup section */
		AA8918D515BFC06D00F034EF = {
			isa = PBXGroup;
			children = (
				AA8918ED15BFC06D00F034EF /* Magic Keys */,
				AA89191815BFC2B000F034EF /* MagicKeys-Agent */,
				AA8918E415BFC06D00F034EF /* Frameworks */,
				AA8918E315BFC06D00F034EF /* Products */,
			);
			sourceTree = "<group>";
		};
		AA8918E315BFC06D00F034EF /* Products */ = {
			isa = PBXGroup;
			children = (
				AA8918E215BFC06D00F034EF /* Magic Keys.prefPane */,
				AA89191415BFC2B000F034EF /* MagicKeys-Agent */,
			);
			name = Products;
			sourceTree = "<group>";
		};
		AA8918E415BFC06D00F034EF /* Frameworks */ = {
			isa = PBXGroup;
			children = (
				AA89192D15BFC77000F034EF /* Carbon.framework */,
				AA8918E515BFC06D00F034EF /* Cocoa.framework */,
				AA8918E715BFC06D00F034EF /* PreferencePanes.framework */,
				AA89191615BFC2B000F034EF /* Foundation.framework */,
				AA8918E915BFC06D00F034EF /* Other Frameworks */,
			);
			name = Frameworks;
			sourceTree = "<group>";
		};
		AA8918E915BFC06D00F034EF /* Other Frameworks */ = {
			isa = PBXGroup;
			children = (
				AA8918EA15BFC06D00F034EF /* AppKit.framework */,
				AA8918EB15BFC06D00F034EF /* CoreData.framework */,
				AA8918EC15BFC06D00F034EF /* Foundation.framework */,
			);
			name = "Other Frameworks";
			sourceTree = "<group>";
		};
		AA8918ED15BFC06D00F034EF /* Magic Keys */ = {
			isa = PBXGroup;
			children = (
				AA89193A15BFD0FA00F034EF /* MagicKeys.h */,
				AA89193B15BFD0FA00F034EF /* MagicKeys.m */,
				AA8918F715BFC06D00F034EF /* Magic_Keys.tiff */,
				AA965D0815C1132800429016 /* MagicKeys.xib */,
				AA89190415BFC1DD00F034EF /* MagicKeys-Agent */,
				AA8918EE15BFC06D00F034EF /* Supporting Files */,
			);
			path = "Magic Keys";
			sourceTree = "<group>";
		};
		AA8918EE15BFC06D00F034EF /* Supporting Files */ = {
			isa = PBXGroup;
			children = (
				AA8918EF15BFC06D00F034EF /* Magic Keys-Info.plist */,
				AA8918F015BFC06D00F034EF /* InfoPlist.strings */,
				AA8918F315BFC06D00F034EF /* Magic Keys-Prefix.pch */,
			);
			name = "Supporting Files";
			sourceTree = "<group>";
		};
		AA89190415BFC1DD00F034EF /* MagicKeys-Agent */ = {
			isa = PBXGroup;
			children = (
			);
			name = "MagicKeys-Agent";
			sourceTree = "<group>";
		};
		AA89191815BFC2B000F034EF /* MagicKeys-Agent */ = {
			isa = PBXGroup;
			children = (
				AA965D2215C116B300429016 /* main.m */,
				AA965D1C15C116A300429016 /* NSObject+SPInvocationGrabbing.h */,
				AA965D1D15C116A300429016 /* NSObject+SPInvocationGrabbing.m */,
				AA965D1E15C116A300429016 /* SPMediaKeyTap.h */,
				AA965D1F15C116A300429016 /* SPMediaKeyTap.m */,
				AA89191B15BFC2B000F034EF /* Supporting Files */,
			);
			path = "MagicKeys-Agent";
			sourceTree = "<group>";
		};
		AA89191B15BFC2B000F034EF /* Supporting Files */ = {
			isa = PBXGroup;
			children = (
				AA89191C15BFC2B000F034EF /* MagicKeys-Agent-Prefix.pch */,
			);
			name = "Supporting Files";
			sourceTree = "<group>";
		};
/* End PBXGroup section */

/* Begin PBXHeadersBuildPhase section */
		AA8918DE15BFC06D00F034EF /* Headers */ = {
			isa = PBXHeadersBuildPhase;
			buildActionMask = 2147483647;
			files = (
				AA89193C15BFD0FA00F034EF /* MagicKeys.h in Headers */,
			);
			runOnlyForDeploymentPostprocessing = 0;
		};
/* End PBXHeadersBuildPhase section */

/* Begin PBXNativeTarget section */
		AA8918E115BFC06D00F034EF /* Magic Keys */ = {
			isa = PBXNativeTarget;
			buildConfigurationList = AA8918FE15BFC06D00F034EF /* Build configuration list for PBXNativeTarget "Magic Keys" */;
			buildPhases = (
				AA8918DC15BFC06D00F034EF /* Sources */,
				AA8918DD15BFC06D00F034EF /* Frameworks */,
				AA8918DE15BFC06D00F034EF /* Headers */,
				AA8918DF15BFC06D00F034EF /* Resources */,
				AA8918E015BFC06D00F034EF /* Rez */,
				AA89192B15BFC6E800F034EF /* CopyFiles */,
			);
			buildRules = (
			);
			dependencies = (
				AA89192615BFC30600F034EF /* PBXTargetDependency */,
			);
			name = "Magic Keys";
			productName = "Magic Keys";
			productReference = AA8918E215BFC06D00F034EF /* Magic Keys.prefPane */;
			productType = "com.apple.product-type.bundle";
		};
		AA89191315BFC2B000F034EF /* MagicKeys-Agent */ = {
			isa = PBXNativeTarget;
			buildConfigurationList = AA89191F15BFC2B000F034EF /* Build configuration list for PBXNativeTarget "MagicKeys-Agent" */;
			buildPhases = (
				AA89191015BFC2B000F034EF /* Sources */,
				AA89191115BFC2B000F034EF /* Frameworks */,
				AA89191215BFC2B000F034EF /* CopyFiles */,
			);
			buildRules = (
			);
			dependencies = (
			);
			name = "MagicKeys-Agent";
			productName = "MagicKeys-Agent";
			productReference = AA89191415BFC2B000F034EF /* MagicKeys-Agent */;
			productType = "com.apple.product-type.tool";
		};
/* End PBXNativeTarget section */

/* Begin PBXProject section */
		AA8918D715BFC06D00F034EF /* Project object */ = {
			isa = PBXProject;
			attributes = {
				LastUpgradeCheck = 0440;
				ORGANIZATIONNAME = "Treasure Box";
			};
			buildConfigurationList = AA8918DA15BFC06D00F034EF /* Build configuration list for PBXProject "Magic Keys" */;
			compatibilityVersion = "Xcode 3.2";
			developmentRegion = English;
			hasScannedForEncodings = 0;
			knownRegions = (
				en,
			);
			mainGroup = AA8918D515BFC06D00F034EF;
			productRefGroup = AA8918E315BFC06D00F034EF /* Products */;
			projectDirPath = "";
			projectRoot = "";
			targets = (
				AA8918E115BFC06D00F034EF /* Magic Keys */,
				AA89191315BFC2B000F034EF /* MagicKeys-Agent */,
			);
		};
/* End PBXProject section */

/* Begin PBXResourcesBuildPhase section */
		AA8918DF15BFC06D00F034EF /* Resources */ = {
			isa = PBXResourcesBuildPhase;
			buildActionMask = 2147483647;
			files = (
				AA8918F215BFC06D00F034EF /* InfoPlist.strings in Resources */,
				AA8918F815BFC06D00F034EF /* Magic_Keys.tiff in Resources */,
				AA965D0915C1132800429016 /* MagicKeys.xib in Resources */,
			);
			runOnlyForDeploymentPostprocessing = 0;
		};
/* End PBXResourcesBuildPhase section */

/* Begin PBXRezBuildPhase section */
		AA8918E015BFC06D00F034EF /* Rez */ = {
			isa = PBXRezBuildPhase;
			buildActionMask = 2147483647;
			files = (
			);
			runOnlyForDeploymentPostprocessing = 0;
		};
/* End PBXRezBuildPhase section */

/* Begin PBXSourcesBuildPhase section */
		AA8918DC15BFC06D00F034EF /* Sources */ = {
			isa = PBXSourcesBuildPhase;
			buildActionMask = 2147483647;
			files = (
				AA89193D15BFD0FA00F034EF /* MagicKeys.m in Sources */,
			);
			runOnlyForDeploymentPostprocessing = 0;
		};
		AA89191015BFC2B000F034EF /* Sources */ = {
			isa = PBXSourcesBuildPhase;
			buildActionMask = 2147483647;
			files = (
				AA965D2015C116A300429016 /* NSObject+SPInvocationGrabbing.m in Sources */,
				AA965D2115C116A300429016 /* SPMediaKeyTap.m in Sources */,
				AA965D2315C116B300429016 /* main.m in Sources */,
			);
			runOnlyForDeploymentPostprocessing = 0;
		};
/* End PBXSourcesBuildPhase section */

/* Begin PBXTargetDependency section */
		AA89192615BFC30600F034EF /* PBXTargetDependency */ = {
			isa = PBXTargetDependency;
			target = AA89191315BFC2B000F034EF /* MagicKeys-Agent */;
			targetProxy = AA89192515BFC30600F034EF /* PBXContainerItemProxy */;
		};
/* End PBXTargetDependency section */

/* Begin PBXVariantGroup section */
		AA8918F015BFC06D00F034EF /* InfoPlist.strings */ = {
			isa = PBXVariantGroup;
			children = (
				AA8918F115BFC06D00F034EF /* en */,
			);
			name = InfoPlist.strings;
			sourceTree = "<group>";
		};
/* End PBXVariantGroup section */

/* Begin XCBuildConfiguration section */
		AA8918FC15BFC06D00F034EF /* Debug */ = {
			isa = XCBuildConfiguration;
			buildSettings = {
				ALWAYS_SEARCH_USER_PATHS = NO;
				ARCHS = "$(ARCHS_STANDARD_64_BIT)";
				CLANG_CXX_LANGUAGE_STANDARD = "gnu++0x";
				CLANG_WARN__DUPLICATE_METHOD_MATCH = YES;
				CODE_SIGN_IDENTITY = "Developer ID Application: Zsolt Szatmari";
				COPY_PHASE_STRIP = NO;
				GCC_C_LANGUAGE_STANDARD = gnu99;
				GCC_DYNAMIC_NO_PIC = NO;
				GCC_ENABLE_OBJC_EXCEPTIONS = YES;
				GCC_ENABLE_OBJC_GC = supported;
				GCC_OPTIMIZATION_LEVEL = 0;
				GCC_PREPROCESSOR_DEFINITIONS = (
					"DEBUG=1",
					"$(inherited)",
				);
				GCC_SYMBOLS_PRIVATE_EXTERN = NO;
				GCC_WARN_64_TO_32_BIT_CONVERSION = YES;
				GCC_WARN_ABOUT_RETURN_TYPE = YES;
				GCC_WARN_UNINITIALIZED_AUTOS = YES;
				GCC_WARN_UNUSED_VARIABLE = YES;
				MACOSX_DEPLOYMENT_TARGET = 10.7;
				ONLY_ACTIVE_ARCH = YES;
				PROVISIONING_PROFILE = "";
				SDKROOT = macosx10.7;
			};
			name = Debug;
		};
		AA8918FD15BFC06D00F034EF /* Release */ = {
			isa = XCBuildConfiguration;
			buildSettings = {
				ALWAYS_SEARCH_USER_PATHS = NO;
				ARCHS = "$(ARCHS_STANDARD_64_BIT)";
				CLANG_CXX_LANGUAGE_STANDARD = "gnu++0x";
				CLANG_WARN__DUPLICATE_METHOD_MATCH = YES;
				CODE_SIGN_IDENTITY = "Developer ID Application: Zsolt Szatmari";
				COPY_PHASE_STRIP = YES;
				DEBUG_INFORMATION_FORMAT = "dwarf-with-dsym";
				GCC_C_LANGUAGE_STANDARD = gnu99;
				GCC_ENABLE_OBJC_EXCEPTIONS = YES;
				GCC_ENABLE_OBJC_GC = supported;
				GCC_WARN_64_TO_32_BIT_CONVERSION = YES;
				GCC_WARN_ABOUT_RETURN_TYPE = YES;
				GCC_WARN_UNINITIALIZED_AUTOS = YES;
				GCC_WARN_UNUSED_VARIABLE = YES;
				MACOSX_DEPLOYMENT_TARGET = 10.7;
				PROVISIONING_PROFILE = "";
				SDKROOT = macosx10.7;
			};
			name = Release;
		};
		AA8918FF15BFC06D00F034EF /* Debug */ = {
			isa = XCBuildConfiguration;
			buildSettings = {
				COMBINE_HIDPI_IMAGES = YES;
				GCC_PRECOMPILE_PREFIX_HEADER = YES;
				GCC_PREFIX_HEADER = "Magic Keys/Magic Keys-Prefix.pch";
				INFOPLIST_FILE = "Magic Keys/Magic Keys-Info.plist";
				INSTALL_PATH = "$(HOME)/Library/PreferencePanes";
				OTHER_CFLAGS = "-fobjc-gc";
				PRODUCT_NAME = "$(TARGET_NAME)";
				WRAPPER_EXTENSION = prefPane;
			};
			name = Debug;
		};
		AA89190015BFC06D00F034EF /* Release */ = {
			isa = XCBuildConfiguration;
			buildSettings = {
				COMBINE_HIDPI_IMAGES = YES;
				GCC_PRECOMPILE_PREFIX_HEADER = YES;
				GCC_PREFIX_HEADER = "Magic Keys/Magic Keys-Prefix.pch";
				INFOPLIST_FILE = "Magic Keys/Magic Keys-Info.plist";
				INSTALL_PATH = "$(HOME)/Library/PreferencePanes";
				OTHER_CFLAGS = "-fobjc-gc";
				PRODUCT_NAME = "$(TARGET_NAME)";
				WRAPPER_EXTENSION = prefPane;
			};
			name = Release;
		};
		AA89192015BFC2B000F034EF /* Debug */ = {
			isa = XCBuildConfiguration;
			buildSettings = {
				GCC_PRECOMPILE_PREFIX_HEADER = YES;
				GCC_PREFIX_HEADER = "MagicKeys-Agent/MagicKeys-Agent-Prefix.pch";
				PRODUCT_NAME = "$(TARGET_NAME)";
			};
			name = Debug;
		};
		AA89192115BFC2B000F034EF /* Release */ = {
			isa = XCBuildConfiguration;
			buildSettings = {
				GCC_PRECOMPILE_PREFIX_HEADER = YES;
				GCC_PREFIX_HEADER = "MagicKeys-Agent/MagicKeys-Agent-Prefix.pch";
				PRODUCT_NAME = "$(TARGET_NAME)";
			};
			name = Release;
		};
/* End XCBuildConfiguration section */

/* Begin XCConfigurationList section */
		AA8918DA15BFC06D00F034EF /* Build configuration list for PBXProject "Magic Keys" */ = {
			isa = XCConfigurationList;
			buildConfigurations = (
				AA8918FC15BFC06D00F034EF /* Debug */,
				AA8918FD15BFC06D00F034EF /* Release */,
			);
			defaultConfigurationIsVisible = 0;
			defaultConfigurationName = Release;
		};
		AA8918FE15BFC06D00F034EF /* Build configuration list for PBXNativeTarget "Magic Keys" */ = {
			isa = XCConfigurationList;
			buildConfigurations = (
				AA8918FF15BFC06D00F034EF /* Debug */,
				AA89190015BFC06D00F034EF /* Release */,
			);
			defaultConfigurationIsVisible = 0;
			defaultConfigurationName = Release;
		};
		AA89191F15BFC2B000F034EF /* Build configuration list for PBXNativeTarget "MagicKeys-Agent" */ = {
			isa = XCConfigurationList;
			buildConfigurations = (
				AA89192015BFC2B000F034EF /* Debug */,
				AA89192115BFC2B000F034EF /* Release */,
			);
			defaultConfigurationIsVisible = 0;
			defaultConfigurationName = Release;
		};
/* End XCConfigurationList section */
	};
	rootObject = AA8918D715BFC06D00F034EF /* Project object */;
}
